
Microsoft Visual Studio Solution File, Format Version 12.00
# Visual Studio Version 17
VisualStudioVersion = 17.9.34728.123
MinimumVisualStudioVersion = 10.0.40219.1
Project("{2150E333-8FDC-42A3-9474-1A3956D46DE8}") = "Services", "Services", "{B39364CC-D940-4A65-AE89-C6FC17B5B7FC}"
EndProject
Project("{2150E333-8FDC-42A3-9474-1A3956D46DE8}") = "Catalog", "Catalog", "{EFBDC9AE-CA57-415A-84D3-A8A95D8A9BBD}"
EndProject
Project("{9A19103F-16F7-4668-BE54-9A1E7A4F7556}") = "Catalog.API", "Services\Catalog\Catalog.API\Catalog.API.csproj", "{844A2FD7-2226-4A7C-9B5A-B3F0D2456234}"
EndProject
Project("{2150E333-8FDC-42A3-9474-1A3956D46DE8}") = "BuildingBlocks", "BuildingBlocks", "{F887F401-7285-4595-91F7-89AEC613A65F}"
EndProject
Project("{9A19103F-16F7-4668-BE54-9A1E7A4F7556}") = "BuildingBlocks", "BuildingBlocks\BuildingBlocks\BuildingBlocks.csproj", "{465DEEEC-2642-40BF-A4A6-C4E477594D25}"
EndProject
Project("{E53339B2-1760-4266-BCC7-CA923CBCF16C}") = "docker-compose", "docker-compose.dcproj", "{917F4F0A-8D19-4177-B752-5BEA01B91000}"
EndProject
Project("{2150E333-8FDC-42A3-9474-1A3956D46DE8}") = "Basket", "Basket", "{10AF4C22-54B1-49D3-821C-60DCD10EEF01}"
EndProject
Project("{FAE04EC0-301F-11D3-BF4B-00C04F79EFBC}") = "Basket.Api", "Services\Basket\Basket.Api\Basket.Api.csproj", "{DFFF4176-4F71-4FBB-A231-0DD137C3EE38}"
EndProject
Global
	GlobalSection(SolutionConfigurationPlatforms) = preSolution
		Debug|Any CPU = Debug|Any CPU
		Release|Any CPU = Release|Any CPU
	EndGlobalSection
	GlobalSection(ProjectConfigurationPlatforms) = postSolution
		{844A2FD7-2226-4A7C-9B5A-B3F0D2456234}.Debug|Any CPU.ActiveCfg = Debug|Any CPU
		{844A2FD7-2226-4A7C-9B5A-B3F0D2456234}.Debug|Any CPU.Build.0 = Debug|Any CPU
		{844A2FD7-2226-4A7C-9B5A-B3F0D2456234}.Release|Any CPU.ActiveCfg = Release|Any CPU
		{844A2FD7-2226-4A7C-9B5A-B3F0D2456234}.Release|Any CPU.Build.0 = Release|Any CPU
		{465DEEEC-2642-40BF-A4A6-C4E477594D25}.Debug|Any CPU.ActiveCfg = Debug|Any CPU
		{465DEEEC-2642-40BF-A4A6-C4E477594D25}.Debug|Any CPU.Build.0 = Debug|Any CPU
		{465DEEEC-2642-40BF-A4A6-C4E477594D25}.Release|Any CPU.ActiveCfg = Release|Any CPU
		{465DEEEC-2642-40BF-A4A6-C4E477594D25}.Release|Any CPU.Build.0 = Release|Any CPU
		{917F4F0A-8D19-4177-B752-5BEA01B91000}.Debug|Any CPU.ActiveCfg = Debug|Any CPU
		{917F4F0A-8D19-4177-B752-5BEA01B91000}.Debug|Any CPU.Build.0 = Debug|Any CPU
		{917F4F0A-8D19-4177-B752-5BEA01B91000}.Release|Any CPU.ActiveCfg = Release|Any CPU
		{917F4F0A-8D19-4177-B752-5BEA01B91000}.Release|Any CPU.Build.0 = Release|Any CPU
		{DFFF4176-4F71-4FBB-A231-0DD137C3EE38}.Debug|Any CPU.ActiveCfg = Debug|Any CPU
		{DFFF4176-4F71-4FBB-A231-0DD137C3EE38}.Debug|Any CPU.Build.0 = Debug|Any CPU
		{DFFF4176-4F71-4FBB-A231-0DD137C3EE38}.Release|Any CPU.ActiveCfg = Release|Any CPU
		{DFFF4176-4F71-4FBB-A231-0DD137C3EE38}.Release|Any CPU.Build.0 = Release|Any CPU
	EndGlobalSection
	GlobalSection(SolutionProperties) = preSolution
		HideSolutionNode = FALSE
	EndGlobalSection
	GlobalSection(NestedProjects) = preSolution
		{EFBDC9AE-CA57-415A-84D3-A8A95D8A9BBD} = {B39364CC-D940-4A65-AE89-C6FC17B5B7FC}
		{844A2FD7-2226-4A7C-9B5A-B3F0D2456234} = {EFBDC9AE-CA57-415A-84D3-A8A95D8A9BBD}
		{465DEEEC-2642-40BF-A4A6-C4E477594D25} = {F887F401-7285-4595-91F7-89AEC613A65F}
		{10AF4C22-54B1-49D3-821C-60DCD10EEF01} = {B39364CC-D940-4A65-AE89-C6FC17B5B7FC}
		{DFFF4176-4F71-4FBB-A231-0DD137C3EE38} = {10AF4C22-54B1-49D3-821C-60DCD10EEF01}
	EndGlobalSection
	GlobalSection(ExtensibilityGlobals) = postSolution
		SolutionGuid = {12A90AAA-BD6C-4A63-B718-45505EE4C05F}
	EndGlobalSection
EndGlobal
